
Microsoft Visual Studio Solution File, Format Version 12.00
# Visual Studio 15
VisualStudioVersion = 15.0.28307.271
MinimumVisualStudioVersion = 10.0.40219.1
Project("{9A19103F-16F7-4668-BE54-9A1E7A4F7556}") = "TCore.Exceptions", "TCore.Exceptions.csproj", "{CC88C933-98AF-4C54-832A-1C4F587AAA54}"
EndProject
Global
	GlobalSection(SolutionConfigurationPlatforms) = preSolution
		Debug|Any CPU = Debug|Any CPU
		Release|Any CPU = Release|Any CPU
	EndGlobalSection
	GlobalSection(ProjectConfigurationPlatforms) = postSolution
		{CC88C933-98AF-4C54-832A-1C4F587AAA54}.Debug|Any CPU.ActiveCfg = Debug|Any CPU
		{CC88C933-98AF-4C54-832A-1C4F587AAA54}.Debug|Any CPU.Build.0 = Debug|Any CPU
		{CC88C933-98AF-4C54-832A-1C4F587AAA54}.Release|Any CPU.ActiveCfg = Release|Any CPU
		{CC88C933-98AF-4C54-832A-1C4F587AAA54}.Release|Any CPU.Build.0 = Release|Any CPU
	EndGlobalSection
	GlobalSection(SolutionProperties) = preSolution
		HideSolutionNode = FALSE
	EndGlobalSection
	GlobalSection(ExtensibilityGlobals) = postSolution
		SolutionGuid = {779BF766-7CDF-41F5-8E5B-765CE51AA6F0}
	EndGlobalSection
EndGlobal
